dependencies:
  espressif/cmake_utilities:
    component_hash: 351350613ceafba240b761b4ea991e0f231ac7a9f59a9ee901f751bddc0bb18f
    dependencies:
    - name: idf
      require: private
      version: '>=4.1'
    source:
      registry_url: https://components.espressif.com
      type: service
    version: 0.5.3
  espressif/eppp_link:
    component_hash: 9472e6825f4bb71eca2b39cf1bc92659c1ac60bfd7416560ad033a7dd8641b17
    dependencies:
    - name: espressif/esp_serial_slave_link
      registry_url: https://components.espressif.com
      require: private
      version: ^1.1.0
    - name: idf
      require: private
      version: '>=5.2'
    source:
      registry_url: https://components.espressif.com
      type: service
    version: 1.1.4
  espressif/esp32_p4_function_ev_board:
    component_hash: 1f4b2c19014601c3e143af42dab0364ed0007e9d5b9dff41f879c7812b872d76
    dependencies:
    - name: espressif/esp_codec_dev
      registry_url: https://components.espressif.com
      require: public
      version: 1.2.*
    - name: espressif/esp_lcd_ek79007
      registry_url: https://components.espressif.com
      require: private
      version: 1.*
    - name: espressif/esp_lcd_ili9881c
      registry_url: https://components.espressif.com
      require: private
      version: 1.*
    - name: espressif/esp_lcd_touch_gt911
      registry_url: https://components.espressif.com
      require: private
      version: ^1
    - name: espressif/esp_lcd_lt8912b
      registry_url: https://components.espressif.com
      require: private
      version: '>=0.1.1,<1.0.0'
    - name: espressif/esp_lvgl_port
      registry_url: https://components.espressif.com
      require: public
      version: ^2
    - name: idf
      require: private
      version: '>=5.3'
    - name: lvgl/lvgl
      registry_url: https://components.espressif.com
      require: private
      version: '>=8,<10'
    source:
      registry_url: https://components.espressif.com/
      type: service
    targets:
    - esp32p4
    version: 5.0.0~1
  espressif/esp_codec_dev:
    component_hash: 014948481bda426cd46714f297fe1891711246c62bea288863a8cc8cf13ef1f0
    dependencies:
    - name: idf
      require: private
      version: '>=4.0'
    source:
      registry_url: https://components.espressif.com
      type: service
    version: 1.2.0
  espressif/esp_hosted:
    component_hash: 9eea9ce83444a412b4a02311f787f3639a5d29fe67e6df83863010dd68ab250b
    dependencies:
    - name: idf
      require: private
      version: '>=5.3'
    source:
      registry_url: https://components.espressif.com/
      type: service
    version: 2.12.0
  espressif/esp_lcd_ek79007:
    component_hash: 8005700b7f10c7136b6e2a3f19a48f972aa1d13ed107ed298574e8d24d17ea83
    dependencies:
    - name: espressif/cmake_utilities
      registry_url: https://components.espressif.com
      require: private
      version: 0.*
    - name: idf
      require: private
      version: '>=5.3'
    source:
      registry_url: https://components.espressif.com/
      type: service
    targets:
    - esp32p4
    version: 1.0.4
  espressif/esp_lcd_ili9881c:
    component_hash: 0288df12755c95d406ccea245a427595f314df0b14a61846286d926ea6f3698e
    dependencies:
    - name: idf
      require: private
      version: '>=5.3'
    source:
      registry_url: https://components.espressif.com
      type: service
    targets:
    - esp32p4
    version: 1.1.0
  espressif/esp_lcd_lt8912b:
    component_hash: f954a3393c8e16159f0c7448c9f4312b58933a53563fe5173db5f63a2b0f7aa7
    dependencies:
    - name: idf
      require: private
      version: '>=5.3'
    source:
      registry_url: https://components.espressif.com
      type: service
    version: 0.2.0
  espressif/esp_lcd_touch:
    component_hash: 3f85a7d95af876f1a6ecca8eb90a81614890d0f03a038390804e5a77e2caf862
    dependencies:
    - name: idf
      require: private
      version: '>=4.4.2'
    source:
      registry_url: https://components.espressif.com
      type: service
    version: 1.2.1
  espressif/esp_lcd_touch_gt911:
    component_hash: be02e243d18b9a661bc13b0d22c0a5cfa3f708cf04d6eb059772276c8c8a4d76
    dependencies:
    - name: espressif/esp_lcd_touch
      registry_url: https://components.espressif.com
      require: public
      version: ^1.2.0
    - name: idf
      require: private
      version: '>=4.4.2'
    source:
      registry_url: https://components.espressif.com
      type: service
    version: 1.2.0~1
  espressif/esp_lvgl_port:
    component_hash: b6360960f47b6776462e7092861b3ea66477ffb762a01baa0aecbb3d74cd50f4
    dependencies:
    - name: idf
      require: private
      version: '>=5.1'
    - name: lvgl/lvgl
      registry_url: https://components.espressif.com
      require: public
      version: '>=8,<10'
    source:
      registry_url: https://components.espressif.com
      type: service
    version: 2.7.2
  espressif/esp_serial_slave_link:
    component_hash: ac1776806de0a6e371c84e87898bb983e19ce62aa7f1e2e5c4a3b0234a575d2c
    dependencies:
    - name: idf
      require: private
      version: '>=5.0'
    source:
      registry_url: https://components.espressif.com
      type: service
    version: 1.1.2
  espressif/esp_wifi_remote:
    component_hash: cb5d6fe638e2a1363bbae086c3b65ac6d4704151f982872989f0020e43aa84a8
    dependencies:
    - name: espressif/eppp_link
      registry_url: https://components.espressif.com
      require: private
      version: '>=0.1'
    - name: espressif/esp_hosted
      registry_url: https://components.espressif.com
      require: private
      rules:
      - if: target in [esp32h2, esp32p4]
      version: '>=0.0.6'
    - name: idf
      require: private
      version: '>=5.3'
    source:
      registry_url: https://components.espressif.com/
      type: service
    version: 0.12.1
  espressif/mdns:
    component_hash: 7c0fa01a1cd0e72a87ec1928c3b661c0a3a9034a6d3a69dcf4850db8c6f272db
    dependencies:
    - name: idf
      require: private
      version: '>=5.0'
    source:
      registry_url: https://components.espressif.com/
      type: service
    version: 1.10.1
  idf:
    source:
      type: idf
    version: 5.5.0
  lvgl/lvgl:
    component_hash: 184e532558c1c45fefed631f3e235423d22582aafb4630f3e8885c35281a49ae
    dependencies: []
    source:
      registry_url: https://components.espressif.com
      type: service
    version: 9.5.0
direct_dependencies:
- espressif/esp32_p4_function_ev_board
- espressif/esp_hosted
- espressif/esp_lcd_ek79007
- espressif/esp_wifi_remote
- espressif/mdns
manifest_hash: 0ba642d641554387eb1c1daa30b55ada313223b7eeb364ed4970ff7acc763d33
target: esp32p4
version: 2.0.0
