dependencies:
  espressif/cmake_utilities:
    component_hash: 351350613ceafba240b761b4ea991e0f231ac7a9f59a9ee901f751bddc0bb18f
    dependencies:
    - name: idf
      require: private
      version: '>=4.1'
    source:
      registry_url: https://components.espressif.com
      type: service
    version: 0.5.3
  espressif/eppp_link:
    component_hash: f82b41b83936cb99b01129c0aec5ebf39c4bbff252bea400062d8bc4e7b83e20
    dependencies:
    - name: espressif/esp_serial_slave_link
      registry_url: https://components.espressif.com
      require: private
      version: ^1.1.0
    - name: idf
      require: private
      version: '>=5.2'
    source:
      registry_url: https://components.espressif.com
      type: service
    version: 0.3.1
  espressif/esp32_p4_function_ev_board:
    component_hash: 1f4b2c19014601c3e143af42dab0364ed0007e9d5b9dff41f879c7812b872d76
    dependencies:
    - name: espressif/esp_codec_dev
      registry_url: https://components.espressif.com
      require: public
      version: 1.2.*
    - name: espressif/esp_lcd_ek79007
      registry_url: https://components.espressif.com
      require: private
      version: 1.*
    - name: espressif/esp_lcd_ili9881c
      registry_url: https://components.espressif.com
      require: private
      version: 1.*
    - name: espressif/esp_lcd_touch_gt911
      registry_url: https://components.espressif.com
      require: private
      version: ^1
    - name: espressif/esp_lcd_lt8912b
      registry_url: https://components.espressif.com
      require: private
      version: '>=0.1.1,<1.0.0'
    - name: espressif/esp_lvgl_port
      registry_url: https://components.espressif.com
      require: public
      version: ^2
    - name: idf
      require: private
      version: '>=5.3'
    - name: lvgl/lvgl
      registry_url: https://components.espressif.com
      require: private
      version: '>=8,<10'
    source:
      registry_url: https://components.espressif.com/
      type: service
    targets:
    - esp32p4
    version: 5.0.0~1
  espressif/esp_codec_dev:
    component_hash: 014948481bda426cd46714f297fe1891711246c62bea288863a8cc8cf13ef1f0
    dependencies:
    - name: idf
      require: private
      version: '>=4.0'
    source:
      registry_url: https://components.espressif.com
      type: service
    version: 1.2.0
  espressif/esp_hosted:
    component_hash: a5d8ecf02e7f29e7e35f466320eb8f2246e37c5e0db2c2d341b8c670e7bdaa30
    dependencies:
    - name: idf
      require: private
      version: '>=5.3'
    source:
      registry_url: https://components.espressif.com/
      type: service
    version: 2.0.11
  espressif/esp_lcd_ek79007:
    component_hash: 07c1afab7e9fd4dd2fd06ff9245e65327c5bbd5485efec199496e19a9304d47b
    dependencies:
    - name: espressif/cmake_utilities
      registry_url: https://components.espressif.com
      require: private
      version: 0.*
    - name: idf
      require: private
      version: '>=5.3'
    source:
      registry_url: https://components.espressif.com/
      type: service
    targets:
    - esp32p4
    version: 1.0.2
  espressif/esp_lcd_ili9881c:
    component_hash: f4f374226b62baf13f735864e8fae58e17c537df34d598e059f6caad4761ef65
    dependencies:
    - name: idf
      require: private
      version: '>=5.3'
    source:
      registry_url: https://components.espressif.com
      type: service
    targets:
    - esp32p4
    version: 1.0.1
  espressif/esp_lcd_lt8912b:
    component_hash: 232578085e67a0fe1a22d58f290ba5c10959d9a247022bec561500b5661fb360
    dependencies:
    - name: idf
      require: private
      version: '>=5.3'
    source:
      registry_url: https://components.espressif.com
      type: service
    version: 0.1.1
  espressif/esp_lcd_touch:
    component_hash: 779b4ba2464a3ae85681e4b860caa5fdc35801458c23f3039ee761bae7f442a4
    dependencies:
    - name: idf
      require: private
      version: '>=4.4.2'
    source:
      registry_url: https://components.espressif.com
      type: service
    version: 1.1.2
  espressif/esp_lcd_touch_gt911:
    component_hash: acc1c184358aa29ef72506f618c9c76a8cc2bf12af38a2bff3d44d84f3a08857
    dependencies:
    - name: espressif/esp_lcd_touch
      registry_url: https://components.espressif.com
      require: public
      version: ^1.1.0
    - name: idf
      require: private
      version: '>=4.4.2'
    source:
      registry_url: https://components.espressif.com
      type: service
    version: 1.1.3
  espressif/esp_lvgl_port:
    component_hash: e720c95cf0667554a204591bb5fade4655fb2990465557041200fa44b5bc7556
    dependencies:
    - name: idf
      require: private
      version: '>=4.4'
    - name: lvgl/lvgl
      registry_url: https://components.espressif.com
      require: public
      version: '>=8,<10'
    source:
      registry_url: https://components.espressif.com
      type: service
    version: 2.6.0
  espressif/esp_serial_slave_link:
    component_hash: 8c534b7d4986ca0e4c41db71f559492b795ab862f1d15359d7993034696b7bcc
    dependencies:
    - name: idf
      require: private
      version: '>=5.0'
    source:
      registry_url: https://components.espressif.com
      type: service
    version: 1.1.0
  espressif/esp_wifi_remote:
    component_hash: cb5d6fe638e2a1363bbae086c3b65ac6d4704151f982872989f0020e43aa84a8
    dependencies:
    - name: espressif/eppp_link
      registry_url: https://components.espressif.com
      require: private
      version: '>=0.1'
    - name: espressif/esp_hosted
      registry_url: https://components.espressif.com
      require: private
      rules:
      - if: target in [esp32h2, esp32p4]
      version: '>=0.0.6'
    - name: idf
      require: private
      version: '>=5.3'
    source:
      registry_url: https://components.espressif.com/
      type: service
    version: 0.12.1
  idf:
    source:
      type: idf
    version: 5.5.0
  lvgl/lvgl:
    component_hash: b702d642e03e95928046d5c6726558e6444e112420c77efa5fdb6650b0a13c5d
    dependencies: []
    source:
      registry_url: https://components.espressif.com
      type: service
    version: 9.3.0
direct_dependencies:
- espressif/esp32_p4_function_ev_board
- espressif/esp_hosted
- espressif/esp_lcd_ek79007
- espressif/esp_wifi_remote
manifest_hash: 68c0097d082cffb3c55c1693d6af633a26245316727b96110ed2bf80178b0946
target: esp32p4
version: 2.0.0
